
Microsoft Visual Studio Solution File, Format Version 12.00
# Visual Studio 15
VisualStudioVersion = 15.0.28307.1062
MinimumVisualStudioVersion = 10.0.40219.1
Project("{FAE04EC0-301F-11D3-BF4B-00C04F79EFBC}") = "Task2", "Task2.csproj", "{5B7FE9EA-8F8D-48A8-880B-DDE0194FAB20}"
EndProject
Global
	GlobalSection(SolutionConfigurationPlatforms) = preSolution
		Debug|Any CPU = Debug|Any CPU
		Release|Any CPU = Release|Any CPU
	EndGlobalSection
	GlobalSection(ProjectConfigurationPlatforms) = postSolution
		{5B7FE9EA-8F8D-48A8-880B-DDE0194FAB20}.Debug|Any CPU.ActiveCfg = Debug|Any CPU
		{5B7FE9EA-8F8D-48A8-880B-DDE0194FAB20}.Debug|Any CPU.Build.0 = Debug|Any CPU
		{5B7FE9EA-8F8D-48A8-880B-DDE0194FAB20}.Release|Any CPU.ActiveCfg = Release|Any CPU
		{5B7FE9EA-8F8D-48A8-880B-DDE0194FAB20}.Release|Any CPU.Build.0 = Release|Any CPU
	EndGlobalSection
	GlobalSection(SolutionProperties) = preSolution
		HideSolutionNode = FALSE
	EndGlobalSection
	GlobalSection(ExtensibilityGlobals) = postSolution
		SolutionGuid = {958CCE62-BE1F-46F0-826B-128D661387DE}
	EndGlobalSection
EndGlobal
